
Microsoft Visual Studio Solution File, Format Version 12.00
# Visual Studio 15
VisualStudioVersion = 15.0.28010.2016
MinimumVisualStudioVersion = 10.0.40219.1
Project("{FAE04EC0-301F-11D3-BF4B-00C04F79EFBC}") = "ClientOne", "ClientOne\ClientOne.csproj", "{330E64B2-51C1-4F1D-8611-8AB5691CAC60}"
EndProject
Global
	GlobalSection(SolutionConfigurationPlatforms) = preSolution
		Debug|Any CPU = Debug|Any CPU
		Release|Any CPU = Release|Any CPU
	EndGlobalSection
	GlobalSection(ProjectConfigurationPlatforms) = postSolution
		{330E64B2-51C1-4F1D-8611-8AB5691CAC60}.Debug|Any CPU.ActiveCfg = Debug|Any CPU
		{330E64B2-51C1-4F1D-8611-8AB5691CAC60}.Debug|Any CPU.Build.0 = Debug|Any CPU
		{330E64B2-51C1-4F1D-8611-8AB5691CAC60}.Release|Any CPU.ActiveCfg = Release|Any CPU
		{330E64B2-51C1-4F1D-8611-8AB5691CAC60}.Release|Any CPU.Build.0 = Release|Any CPU
	EndGlobalSection
	GlobalSection(SolutionProperties) = preSolution
		HideSolutionNode = FALSE
	EndGlobalSection
	GlobalSection(ExtensibilityGlobals) = postSolution
		SolutionGuid = {A1E7AD04-68AC-4FDA-8D99-D2A63F9FA497}
	EndGlobalSection
EndGlobal
